
Microsoft Visual Studio Solution File, Format Version 12.00
# Visual Studio 15
VisualStudioVersion = 15.0.28010.2036
MinimumVisualStudioVersion = 10.0.40219.1
Project("{FAE04EC0-301F-11D3-BF4B-00C04F79EFBC}") = "Task 1", "Task 1\Task 1.csproj", "{8C04BD95-2E0D-4AA8-BD1E-9441B5549BA4}"
EndProject
Project("{FAE04EC0-301F-11D3-BF4B-00C04F79EFBC}") = "Task2", "Task2\Task2.csproj", "{3DAF3DE8-0EDD-41F6-A16B-447871D5624F}"
EndProject
Global
	GlobalSection(SolutionConfigurationPlatforms) = preSolution
		Debug|Any CPU = Debug|Any CPU
		Release|Any CPU = Release|Any CPU
	EndGlobalSection
	GlobalSection(ProjectConfigurationPlatforms) = postSolution
		{8C04BD95-2E0D-4AA8-BD1E-9441B5549BA4}.Debug|Any CPU.ActiveCfg = Debug|Any CPU
		{8C04BD95-2E0D-4AA8-BD1E-9441B5549BA4}.Debug|Any CPU.Build.0 = Debug|Any CPU
		{8C04BD95-2E0D-4AA8-BD1E-9441B5549BA4}.Release|Any CPU.ActiveCfg = Release|Any CPU
		{8C04BD95-2E0D-4AA8-BD1E-9441B5549BA4}.Release|Any CPU.Build.0 = Release|Any CPU
		{3DAF3DE8-0EDD-41F6-A16B-447871D5624F}.Debug|Any CPU.ActiveCfg = Debug|Any CPU
		{3DAF3DE8-0EDD-41F6-A16B-447871D5624F}.Debug|Any CPU.Build.0 = Debug|Any CPU
		{3DAF3DE8-0EDD-41F6-A16B-447871D5624F}.Release|Any CPU.ActiveCfg = Release|Any CPU
		{3DAF3DE8-0EDD-41F6-A16B-447871D5624F}.Release|Any CPU.Build.0 = Release|Any CPU
	EndGlobalSection
	GlobalSection(SolutionProperties) = preSolution
		HideSolutionNode = FALSE
	EndGlobalSection
	GlobalSection(ExtensibilityGlobals) = postSolution
		SolutionGuid = {5188644B-C18E-408E-83D4-FAA182A51F1F}
	EndGlobalSection
EndGlobal
